// !$*UTF8*$!
{
	archiveVersion = 1;
	classes = {
	};
	objectVersion = 56;
	objects = {

/* Begin PBXBuildFile section */
		C348BDC328E1251E00A110F3 /* main.c in Sources */ = {isa = PBXBuildFile; fileRef = C348BDC228E1251E00A110F3 /* main.c */; };
		C35C562B28E41CD800D733F4 /* Solution.c in Sources */ = {isa = PBXBuildFile; fileRef = C35C562A28E41CD800D733F4 /* Solution.c */; };
		C35C562E28E41EA200D733F4 /* Principle.c in Sources */ = {isa = PBXBuildFile; fileRef = C35C562D28E41EA200D733F4 /* Principle.c */; };
		C3CE8B39291E06D4005C1E68 /* Example.c in Sources */ = {isa = PBXBuildFile; fileRef = C3CE8B38291E06D4005C1E68 /* Example.c */; };
/* End PBXBuildFile section */

/* Begin PBXCopyFilesBuildPhase section */
		C348BDBD28E1251E00A110F3 /* CopyFiles */ = {
			isa = PBXCopyFilesBuildPhase;
			buildActionMask = 2147483647;
			dstPath = /usr/share/man/man1/;
			dstSubfolderSpec = 0;
			files = (
			);
			runOnlyForDeploymentPostprocessing = 1;
		};
/* End PBXCopyFilesBuildPhase section */

/* Begin PBXFileReference section */
		C348BDBF28E1251E00A110F3 /* C grammer */ = {isa = PBXFileReference; explicitFileType = "compiled.mach-o.executable"; includeInIndex = 0; path = "C grammer"; sourceTree = BUILT_PRODUCTS_DIR; };
		C348BDC228E1251E00A110F3 /* main.c */ = {isa = PBXFileReference; lastKnownFileType = sourcecode.c.c; path = main.c; sourceTree = "<group>"; };
		C35C562928E41CD800D733F4 /* Solution.h */ = {isa = PBXFileReference; lastKnownFileType = sourcecode.c.h; path = Solution.h; sourceTree = "<group>"; };
		C35C562A28E41CD800D733F4 /* Solution.c */ = {isa = PBXFileReference; lastKnownFileType = sourcecode.c.c; path = Solution.c; sourceTree = "<group>"; };
		C35C562C28E41EA200D733F4 /* Principle.h */ = {isa = PBXFileReference; lastKnownFileType = sourcecode.c.h; path = Principle.h; sourceTree = "<group>"; };
		C35C562D28E41EA200D733F4 /* Principle.c */ = {isa = PBXFileReference; lastKnownFileType = sourcecode.c.c; path = Principle.c; sourceTree = "<group>"; };
		C3CE8B37291E06D4005C1E68 /* Example.h */ = {isa = PBXFileReference; lastKnownFileType = sourcecode.c.h; path = Example.h; sourceTree = "<group>"; };
		C3CE8B38291E06D4005C1E68 /* Example.c */ = {isa = PBXFileReference; lastKnownFileType = sourcecode.c.c; path = Example.c; sourceTree = "<group>"; };
/* End PBXFileReference section */

/* Begin PBXFrameworksBuildPhase section */
		C348BDBC28E1251E00A110F3 /* Frameworks */ = {
			isa = PBXFrameworksBuildPhase;
			buildActionMask = 2147483647;
			files = (
			);
			runOnlyForDeploymentPostprocessing = 0;
		};
/* End PBXFrameworksBuildPhase section */

/* Begin PBXGroup section */
		C348BDB628E1251E00A110F3 = {
			isa = PBXGroup;
			children = (
				C348BDC128E1251E00A110F3 /* C grammer */,
				C348BDC028E1251E00A110F3 /* Products */,
			);
			sourceTree = "<group>";
		};
		C348BDC028E1251E00A110F3 /* Products */ = {
			isa = PBXGroup;
			children = (
				C348BDBF28E1251E00A110F3 /* C grammer */,
			);
			name = Products;
			sourceTree = "<group>";
		};
		C348BDC128E1251E00A110F3 /* C grammer */ = {
			isa = PBXGroup;
			children = (
				C348BDC228E1251E00A110F3 /* main.c */,
				C35C562928E41CD800D733F4 /* Solution.h */,
				C35C562A28E41CD800D733F4 /* Solution.c */,
				C35C562C28E41EA200D733F4 /* Principle.h */,
				C35C562D28E41EA200D733F4 /* Principle.c */,
				C3CE8B37291E06D4005C1E68 /* Example.h */,
				C3CE8B38291E06D4005C1E68 /* Example.c */,
			);
			path = "C grammer";
			sourceTree = "<group>";
		};
/* End PBXGroup section */

/* Begin PBXNativeTarget section */
		C348BDBE28E1251E00A110F3 /* C grammer */ = {
			isa = PBXNativeTarget;
			buildConfigurationList = C348BDC628E1251E00A110F3 /* Build configuration list for PBXNativeTarget "C grammer" */;
			buildPhases = (
				C348BDBB28E1251E00A110F3 /* Sources */,
				C348BDBC28E1251E00A110F3 /* Frameworks */,
				C348BDBD28E1251E00A110F3 /* CopyFiles */,
			);
			buildRules = (
			);
			dependencies = (
			);
			name = "C grammer";
			productName = "C grammer";
			productReference = C348BDBF28E1251E00A110F3 /* C grammer */;
			productType = "com.apple.product-type.tool";
		};
/* End PBXNativeTarget section */

/* Begin PBXProject section */
		C348BDB728E1251E00A110F3 /* Project object */ = {
			isa = PBXProject;
			attributes = {
				BuildIndependentTargetsInParallel = 1;
				LastUpgradeCheck = 1400;
				TargetAttributes = {
					C348BDBE28E1251E00A110F3 = {
						CreatedOnToolsVersion = 14.0;
					};
				};
			};
			buildConfigurationList = C348BDBA28E1251E00A110F3 /* Build configuration list for PBXProject "C grammer" */;
			compatibilityVersion = "Xcode 14.0";
			developmentRegion = en;
			hasScannedForEncodings = 0;
			knownRegions = (
				en,
				Base,
			);
			mainGroup = C348BDB628E1251E00A110F3;
			productRefGroup = C348BDC028E1251E00A110F3 /* Products */;
			projectDirPath = "";
			projectRoot = "";
			targets = (
				C348BDBE28E1251E00A110F3 /* C grammer */,
			);
		};
/* End PBXProject section */

/* Begin PBXSourcesBuildPhase section */
		C348BDBB28E1251E00A110F3 /* Sources */ = {
			isa = PBXSourcesBuildPhase;
			buildActionMask = 2147483647;
			files = (
				C35C562B28E41CD800D733F4 /* Solution.c in Sources */,
				C35C562E28E41EA200D733F4 /* Principle.c in Sources */,
				C3CE8B39291E06D4005C1E68 /* Example.c in Sources */,
				C348BDC328E1251E00A110F3 /* main.c in Sources */,
			);
			runOnlyForDeploymentPostprocessing = 0;
		};
/* End PBXSourcesBuildPhase section */

/* Begin XCBuildConfiguration section */
		C348BDC428E1251E00A110F3 /* Debug */ = {
			isa = XCBuildConfiguration;
			buildSettings = {
				ALWAYS_SEARCH_USER_PATHS = NO;
				CLANG_ANALYZER_NONNULL = YES;
				CLANG_ANALYZER_NUMBER_OBJECT_CONVERSION = YES_AGGRESSIVE;
				CLANG_CXX_LANGUAGE_STANDARD = "gnu++20";
				CLANG_ENABLE_MODULES = YES;
				CLANG_ENABLE_OBJC_ARC = YES;
				CLANG_ENABLE_OBJC_WEAK = YES;
				CLANG_WARN_BLOCK_CAPTURE_AUTORELEASING = YES;
				CLANG_WARN_BOOL_CONVERSION = YES;
				CLANG_WARN_COMMA = YES;
				CLANG_WARN_CONSTANT_CONVERSION = YES;
				CLANG_WARN_DEPRECATED_OBJC_IMPLEMENTATIONS = YES;
				CLANG_WARN_DIRECT_OBJC_ISA_USAGE = YES_ERROR;
				CLANG_WARN_DOCUMENTATION_COMMENTS = YES;
				CLANG_WARN_EMPTY_BODY = YES;
				CLANG_WARN_ENUM_CONVERSION = YES;
				CLANG_WARN_INFINITE_RECURSION = YES;
				CLANG_WARN_INT_CONVERSION = YES;
				CLANG_WARN_NON_LITERAL_NULL_CONVERSION = YES;
				CLANG_WARN_OBJC_IMPLICIT_RETAIN_SELF = YES;
				CLANG_WARN_OBJC_LITERAL_CONVERSION = YES;
				CLANG_WARN_OBJC_ROOT_CLASS = YES_ERROR;
				CLANG_WARN_QUOTED_INCLUDE_IN_FRAMEWORK_HEADER = YES;
				CLANG_WARN_RANGE_LOOP_ANALYSIS = YES;
				CLANG_WARN_STRICT_PROTOTYPES = YES;
				CLANG_WARN_SUSPICIOUS_MOVE = YES;
				CLANG_WARN_UNGUARDED_AVAILABILITY = YES_AGGRESSIVE;
				CLANG_WARN_UNREACHABLE_CODE = YES;
				CLANG_WARN__DUPLICATE_METHOD_MATCH = YES;
				COPY_PHASE_STRIP = NO;
				DEBUG_INFORMATION_FORMAT = dwarf;
				ENABLE_STRICT_OBJC_MSGSEND = YES;
				ENABLE_TESTABILITY = YES;
				GCC_C_LANGUAGE_STANDARD = gnu11;
				GCC_DYNAMIC_NO_PIC = NO;
				GCC_NO_COMMON_BLOCKS = YES;
				GCC_OPTIMIZATION_LEVEL = 0;
				GCC_PREPROCESSOR_DEFINITIONS = (
					"DEBUG=1",
					"$(inherited)",
				);
				GCC_WARN_64_TO_32_BIT_CONVERSION = YES;
				GCC_WARN_ABOUT_RETURN_TYPE = YES_ERROR;
				GCC_WARN_UNDECLARED_SELECTOR = YES;
				GCC_WARN_UNINITIALIZED_AUTOS = YES_AGGRESSIVE;
				GCC_WARN_UNUSED_FUNCTION = YES;
				GCC_WARN_UNUSED_VARIABLE = YES;
				MACOSX_DEPLOYMENT_TARGET = 12.3;
				MTL_ENABLE_DEBUG_INFO = INCLUDE_SOURCE;
				MTL_FAST_MATH = YES;
				ONLY_ACTIVE_ARCH = YES;
				SDKROOT = macosx;
			};
			name = Debug;
		};
		C348BDC528E1251E00A110F3 /* Release */ = {
			isa = XCBuildConfiguration;
			buildSettings = {
				ALWAYS_SEARCH_USER_PATHS = NO;
				CLANG_ANALYZER_NONNULL = YES;
				CLANG_ANALYZER_NUMBER_OBJECT_CONVERSION = YES_AGGRESSIVE;
				CLANG_CXX_LANGUAGE_STANDARD = "gnu++20";
				CLANG_ENABLE_MODULES = YES;
				CLANG_ENABLE_OBJC_ARC = YES;
				CLANG_ENABLE_OBJC_WEAK = YES;
				CLANG_WARN_BLOCK_CAPTURE_AUTORELEASING = YES;
				CLANG_WARN_BOOL_CONVERSION = YES;
				CLANG_WARN_COMMA = YES;
				CLANG_WARN_CONSTANT_CONVERSION = YES;
				CLANG_WARN_DEPRECATED_OBJC_IMPLEMENTATIONS = YES;
				CLANG_WARN_DIRECT_OBJC_ISA_USAGE = YES_ERROR;
				CLANG_WARN_DOCUMENTATION_COMMENTS = YES;
				CLANG_WARN_EMPTY_BODY = YES;
				CLANG_WARN_ENUM_CONVERSION = YES;
				CLANG_WARN_INFINITE_RECURSION = YES;
				CLANG_WARN_INT_CONVERSION = YES;
				CLANG_WARN_NON_LITERAL_NULL_CONVERSION = YES;
				CLANG_WARN_OBJC_IMPLICIT_RETAIN_SELF = YES;
				CLANG_WARN_OBJC_LITERAL_CONVERSION = YES;
				CLANG_WARN_OBJC_ROOT_CLASS = YES_ERROR;
				CLANG_WARN_QUOTED_INCLUDE_IN_FRAMEWORK_HEADER = YES;
				CLANG_WARN_RANGE_LOOP_ANALYSIS = YES;
				CLANG_WARN_STRICT_PROTOTYPES = YES;
				CLANG_WARN_SUSPICIOUS_MOVE = YES;
				CLANG_WARN_UNGUARDED_AVAILABILITY = YES_AGGRESSIVE;
				CLANG_WARN_UNREACHABLE_CODE = YES;
				CLANG_WARN__DUPLICATE_METHOD_MATCH = YES;
				COPY_PHASE_STRIP = NO;
				DEBUG_INFORMATION_FORMAT = "dwarf-with-dsym";
				ENABLE_NS_ASSERTIONS = NO;
				ENABLE_STRICT_OBJC_MSGSEND = YES;
				GCC_C_LANGUAGE_STANDARD = gnu11;
				GCC_NO_COMMON_BLOCKS = YES;
				GCC_WARN_64_TO_32_BIT_CONVERSION = YES;
				GCC_WARN_ABOUT_RETURN_TYPE = YES_ERROR;
				GCC_WARN_UNDECLARED_SELECTOR = YES;
				GCC_WARN_UNINITIALIZED_AUTOS = YES_AGGRESSIVE;
				GCC_WARN_UNUSED_FUNCTION = YES;
				GCC_WARN_UNUSED_VARIABLE = YES;
				MACOSX_DEPLOYMENT_TARGET = 12.3;
				MTL_ENABLE_DEBUG_INFO = NO;
				MTL_FAST_MATH = YES;
				SDKROOT = macosx;
			};
			name = Release;
		};
		C348BDC728E1251E00A110F3 /* Debug */ = {
			isa = XCBuildConfiguration;
			buildSettings = {
				CODE_SIGN_STYLE = Automatic;
				PRODUCT_NAME = "$(TARGET_NAME)";
			};
			name = Debug;
		};
		C348BDC828E1251E00A110F3 /* Release */ = {
			isa = XCBuildConfiguration;
			buildSettings = {
				CODE_SIGN_STYLE = Automatic;
				PRODUCT_NAME = "$(TARGET_NAME)";
			};
			name = Release;
		};
/* End XCBuildConfiguration section */

/* Begin XCConfigurationList section */
		C348BDBA28E1251E00A110F3 /* Build configuration list for PBXProject "C grammer" */ = {
			isa = XCConfigurationList;
			buildConfigurations = (
				C348BDC428E1251E00A110F3 /* Debug */,
				C348BDC528E1251E00A110F3 /* Release */,
			);
			defaultConfigurationIsVisible = 0;
			defaultConfigurationName = Release;
		};
		C348BDC628E1251E00A110F3 /* Build configuration list for PBXNativeTarget "C grammer" */ = {
			isa = XCConfigurationList;
			buildConfigurations = (
				C348BDC728E1251E00A110F3 /* Debug */,
				C348BDC828E1251E00A110F3 /* Release */,
			);
			defaultConfigurationIsVisible = 0;
			defaultConfigurationName = Release;
		};
/* End XCConfigurationList section */
	};
	rootObject = C348BDB728E1251E00A110F3 /* Project object */;
}
